
Microsoft Visual Studio Solution File, Format Version 12.00
# Visual Studio Version 16
VisualStudioVersion = 16.0.810.16
MinimumVisualStudioVersion = 10.0.40219.1
Project("{FAE04EC0-301F-11D3-BF4B-00C04F79EFBC}") = "MainProj", "MainProj\MainProj.csproj", "{96EE1A25-4BDC-4EDA-AFE9-9DC5E29CCEC1}"
EndProject
Project("{FAE04EC0-301F-11D3-BF4B-00C04F79EFBC}") = "SolutionLib", "SolutionLib\SolutionLib.csproj", "{B54D8954-1686-414E-B26C-D0E886285265}"
EndProject
Global
	GlobalSection(SolutionConfigurationPlatforms) = preSolution
		Debug|Any CPU = Debug|Any CPU
		Release|Any CPU = Release|Any CPU
	EndGlobalSection
	GlobalSection(ProjectConfigurationPlatforms) = postSolution
		{96EE1A25-4BDC-4EDA-AFE9-9DC5E29CCEC1}.Debug|Any CPU.ActiveCfg = Debug|Any CPU
		{96EE1A25-4BDC-4EDA-AFE9-9DC5E29CCEC1}.Debug|Any CPU.Build.0 = Debug|Any CPU
		{96EE1A25-4BDC-4EDA-AFE9-9DC5E29CCEC1}.Release|Any CPU.ActiveCfg = Release|Any CPU
		{96EE1A25-4BDC-4EDA-AFE9-9DC5E29CCEC1}.Release|Any CPU.Build.0 = Release|Any CPU
		{B54D8954-1686-414E-B26C-D0E886285265}.Debug|Any CPU.ActiveCfg = Debug|Any CPU
		{B54D8954-1686-414E-B26C-D0E886285265}.Debug|Any CPU.Build.0 = Debug|Any CPU
		{B54D8954-1686-414E-B26C-D0E886285265}.Release|Any CPU.ActiveCfg = Release|Any CPU
		{B54D8954-1686-414E-B26C-D0E886285265}.Release|Any CPU.Build.0 = Release|Any CPU
	EndGlobalSection
	GlobalSection(SolutionProperties) = preSolution
		HideSolutionNode = FALSE
	EndGlobalSection
	GlobalSection(ExtensibilityGlobals) = postSolution
		SolutionGuid = {434961D2-E3DC-48A4-AD05-4EDA61C02E7E}
	EndGlobalSection
EndGlobal
