
Microsoft Visual Studio Solution File, Format Version 12.00
# Visual Studio Version 16
VisualStudioVersion = 16.0.810.16
MinimumVisualStudioVersion = 10.0.40219.1
Project("{FAE04EC0-301F-11D3-BF4B-00C04F79EFBC}") = "MainProj", "MainProj\MainProj.csproj", "{FC6FAEDD-BFA0-4DAC-88AE-B7DDC62AA6F9}"
EndProject
Project("{FAE04EC0-301F-11D3-BF4B-00C04F79EFBC}") = "SolutionLib", "SolutionLib\SolutionLib.csproj", "{D8F7B4D6-2F69-4724-B1AC-43042792A16F}"
EndProject
Global
	GlobalSection(SolutionConfigurationPlatforms) = preSolution
		Debug|Any CPU = Debug|Any CPU
		Release|Any CPU = Release|Any CPU
	EndGlobalSection
	GlobalSection(ProjectConfigurationPlatforms) = postSolution
		{FC6FAEDD-BFA0-4DAC-88AE-B7DDC62AA6F9}.Debug|Any CPU.ActiveCfg = Debug|Any CPU
		{FC6FAEDD-BFA0-4DAC-88AE-B7DDC62AA6F9}.Debug|Any CPU.Build.0 = Debug|Any CPU
		{FC6FAEDD-BFA0-4DAC-88AE-B7DDC62AA6F9}.Release|Any CPU.ActiveCfg = Release|Any CPU
		{FC6FAEDD-BFA0-4DAC-88AE-B7DDC62AA6F9}.Release|Any CPU.Build.0 = Release|Any CPU
		{D8F7B4D6-2F69-4724-B1AC-43042792A16F}.Debug|Any CPU.ActiveCfg = Debug|Any CPU
		{D8F7B4D6-2F69-4724-B1AC-43042792A16F}.Debug|Any CPU.Build.0 = Debug|Any CPU
		{D8F7B4D6-2F69-4724-B1AC-43042792A16F}.Release|Any CPU.ActiveCfg = Release|Any CPU
		{D8F7B4D6-2F69-4724-B1AC-43042792A16F}.Release|Any CPU.Build.0 = Release|Any CPU
	EndGlobalSection
	GlobalSection(SolutionProperties) = preSolution
		HideSolutionNode = FALSE
	EndGlobalSection
	GlobalSection(ExtensibilityGlobals) = postSolution
		SolutionGuid = {D9765484-A332-43A8-9DDD-062CE962A06C}
	EndGlobalSection
EndGlobal
